// !$*UTF8*$!
{
	archiveVersion = 1;
	classes = {
	};
	objectVersion = 46;
	objects = {

/* Begin PBXBuildFile section */
		7329CA042D866AEBAE91F4FF /* Pods_NotSoCleverBotTests.framework in Frameworks */ = {isa = PBXBuildFile; fileRef = 232A076B049A9A19EAF6BF18 /* Pods_NotSoCleverBotTests.framework */; };
		9002683B1EAC1D0600133807 /* Message.swift in Sources */ = {isa = PBXBuildFile; fileRef = 9002683A1EAC1D0600133807 /* Message.swift */; };
		900268401EAC2B1400133807 /* UserMessageCell.xib in Resources */ = {isa = PBXBuildFile; fileRef = 9002683F1EAC2B1400133807 /* UserMessageCell.xib */; };
		900268421EAC2FAB00133807 /* BotMessageCell.xib in Resources */ = {isa = PBXBuildFile; fileRef = 900268411EAC2FAB00133807 /* BotMessageCell.xib */; };
		900268441EAC309000133807 /* MessageCell.swift in Sources */ = {isa = PBXBuildFile; fileRef = 900268431EAC309000133807 /* MessageCell.swift */; };
		907775FE1EAD2A4F0019FAF9 /* HomeScreenViewController.swift in Sources */ = {isa = PBXBuildFile; fileRef = 907775FD1EAD2A4F0019FAF9 /* HomeScreenViewController.swift */; };
		90AE8A9D1EC2C2910002B207 /* NotSoCleverBotAPITests.swift in Sources */ = {isa = PBXBuildFile; fileRef = 90AE8A9C1EC2C2910002B207 /* NotSoCleverBotAPITests.swift */; };
		90CD93CD1EAA84E500535DDB /* ChatTextViewController.swift in Sources */ = {isa = PBXBuildFile; fileRef = 90CD93CC1EAA84E500535DDB /* ChatTextViewController.swift */; };
		90CD93CF1EAA867700535DDB /* ExampleCall.swift in Sources */ = {isa = PBXBuildFile; fileRef = 90CD93CE1EAA867700535DDB /* ExampleCall.swift */; };
		90CE29C21EAA633300B8C6E0 /* AppDelegate.swift in Sources */ = {isa = PBXBuildFile; fileRef = 90CE29C11EAA633300B8C6E0 /* AppDelegate.swift */; };
		90CE29C71EAA633300B8C6E0 /* Main.storyboard in Resources */ = {isa = PBXBuildFile; fileRef = 90CE29C51EAA633300B8C6E0 /* Main.storyboard */; };
		90CE29C91EAA633300B8C6E0 /* Assets.xcassets in Resources */ = {isa = PBXBuildFile; fileRef = 90CE29C81EAA633300B8C6E0 /* Assets.xcassets */; };
		90CE29CC1EAA633300B8C6E0 /* LaunchScreen.storyboard in Resources */ = {isa = PBXBuildFile; fileRef = 90CE29CA1EAA633300B8C6E0 /* LaunchScreen.storyboard */; };
		90CE29D71EAA633300B8C6E0 /* NotSoCleverBotTests.swift in Sources */ = {isa = PBXBuildFile; fileRef = 90CE29D61EAA633300B8C6E0 /* NotSoCleverBotTests.swift */; };
		90CE29E21EAA633300B8C6E0 /* NotSoCleverBotUITests.swift in Sources */ = {isa = PBXBuildFile; fileRef = 90CE29E11EAA633300B8C6E0 /* NotSoCleverBotUITests.swift */; };
		90CE29F21EAA7A9D00B8C6E0 /* APIController.swift in Sources */ = {isa = PBXBuildFile; fileRef = 90CE29F11EAA7A9D00B8C6E0 /* APIController.swift */; };
		DDB93F3D4EEDDFD5A1C63DA8 /* Pods_NotSoCleverBot.framework in Frameworks */ = {isa = PBXBuildFile; fileRef = AC82122B75447B6701760636 /* Pods_NotSoCleverBot.framework */; };
		F6AE69DD00E54CE341949582 /* Pods_NotSoCleverBotUITests.framework in Frameworks */ = {isa = PBXBuildFile; fileRef = 610E11BAB778A3FCC121A810 /* Pods_NotSoCleverBotUITests.framework */; };
/* End PBXBuildFile section */

/* Begin PBXContainerItemProxy section */
		90AE8A9F1EC2C2910002B207 /* PBXContainerItemProxy */ = {
			isa = PBXContainerItemProxy;
			containerPortal = 90CE29B61EAA633300B8C6E0 /* Project object */;
			proxyType = 1;
			remoteGlobalIDString = 90CE29BD1EAA633300B8C6E0;
			remoteInfo = NotSoCleverBot;
		};
		90CE29D31EAA633300B8C6E0 /* PBXContainerItemProxy */ = {
			isa = PBXContainerItemProxy;
			containerPortal = 90CE29B61EAA633300B8C6E0 /* Project object */;
			proxyType = 1;
			remoteGlobalIDString = 90CE29BD1EAA633300B8C6E0;
			remoteInfo = NotSoCleverBot;
		};
		90CE29DE1EAA633300B8C6E0 /* PBXContainerItemProxy */ = {
			isa = PBXContainerItemProxy;
			containerPortal = 90CE29B61EAA633300B8C6E0 /* Project object */;
			proxyType = 1;
			remoteGlobalIDString = 90CE29BD1EAA633300B8C6E0;
			remoteInfo = NotSoCleverBot;
		};
/* End PBXContainerItemProxy section */

/* Begin PBXFileReference section */
		232A076B049A9A19EAF6BF18 /* Pods_NotSoCleverBotTests.framework */ = {isa = PBXFileReference; explicitFileType = wrapper.framework; includeInIndex = 0; path = Pods_NotSoCleverBotTests.framework; sourceTree = BUILT_PRODUCTS_DIR; };
		2ADBCE9C8237524EE16EBAF5 /* Pods-NotSoCleverBot.debug.xcconfig */ = {isa = PBXFileReference; includeInIndex = 1; lastKnownFileType = text.xcconfig; name = "Pods-NotSoCleverBot.debug.xcconfig"; path = "Pods/Target Support Files/Pods-NotSoCleverBot/Pods-NotSoCleverBot.debug.xcconfig"; sourceTree = "<group>"; };
		2BCFE730D0FFCDE8E8F93B5F /* Pods-NotSoCleverBotTests.debug.xcconfig */ = {isa = PBXFileReference; includeInIndex = 1; lastKnownFileType = text.xcconfig; name = "Pods-NotSoCleverBotTests.debug.xcconfig"; path = "Pods/Target Support Files/Pods-NotSoCleverBotTests/Pods-NotSoCleverBotTests.debug.xcconfig"; sourceTree = "<group>"; };
		4CC3A69B7FBA44F459D8D394 /* Pods-NotSoCleverBot.release.xcconfig */ = {isa = PBXFileReference; includeInIndex = 1; lastKnownFileType = text.xcconfig; name = "Pods-NotSoCleverBot.release.xcconfig"; path = "Pods/Target Support Files/Pods-NotSoCleverBot/Pods-NotSoCleverBot.release.xcconfig"; sourceTree = "<group>"; };
		610E11BAB778A3FCC121A810 /* Pods_NotSoCleverBotUITests.framework */ = {isa = PBXFileReference; explicitFileType = wrapper.framework; includeInIndex = 0; path = Pods_NotSoCleverBotUITests.framework; sourceTree = BUILT_PRODUCTS_DIR; };
		6938D793AA3920667BE30F82 /* Pods-NotSoCleverBotTests.release.xcconfig */ = {isa = PBXFileReference; includeInIndex = 1; lastKnownFileType = text.xcconfig; name = "Pods-NotSoCleverBotTests.release.xcconfig"; path = "Pods/Target Support Files/Pods-NotSoCleverBotTests/Pods-NotSoCleverBotTests.release.xcconfig"; sourceTree = "<group>"; };
		889B46505104B228E5CBC86E /* Pods-NotSoCleverBotUITests.debug.xcconfig */ = {isa = PBXFileReference; includeInIndex = 1; lastKnownFileType = text.xcconfig; name = "Pods-NotSoCleverBotUITests.debug.xcconfig"; path = "Pods/Target Support Files/Pods-NotSoCleverBotUITests/Pods-NotSoCleverBotUITests.debug.xcconfig"; sourceTree = "<group>"; };
		88C7721E115C44AC999BA508 /* Pods-NotSoCleverBotUITests.release.xcconfig */ = {isa = PBXFileReference; includeInIndex = 1; lastKnownFileType = text.xcconfig; name = "Pods-NotSoCleverBotUITests.release.xcconfig"; path = "Pods/Target Support Files/Pods-NotSoCleverBotUITests/Pods-NotSoCleverBotUITests.release.xcconfig"; sourceTree = "<group>"; };
		9002683A1EAC1D0600133807 /* Message.swift */ = {isa = PBXFileReference; fileEncoding = 4; lastKnownFileType = sourcecode.swift; path = Message.swift; sourceTree = "<group>"; };
		9002683F1EAC2B1400133807 /* UserMessageCell.xib */ = {isa = PBXFileReference; fileEncoding = 4; lastKnownFileType = file.xib; path = UserMessageCell.xib; sourceTree = "<group>"; };
		900268411EAC2FAB00133807 /* BotMessageCell.xib */ = {isa = PBXFileReference; fileEncoding = 4; lastKnownFileType = file.xib; path = BotMessageCell.xib; sourceTree = "<group>"; };
		900268431EAC309000133807 /* MessageCell.swift */ = {isa = PBXFileReference; fileEncoding = 4; lastKnownFileType = sourcecode.swift; path = MessageCell.swift; sourceTree = "<group>"; };
		907775FD1EAD2A4F0019FAF9 /* HomeScreenViewController.swift */ = {isa = PBXFileReference; fileEncoding = 4; lastKnownFileType = sourcecode.swift; path = HomeScreenViewController.swift; sourceTree = "<group>"; };
		90AE8A9A1EC2C2910002B207 /* NotSoCleverBotAPITests.xctest */ = {isa = PBXFileReference; explicitFileType = wrapper.cfbundle; includeInIndex = 0; path = NotSoCleverBotAPITests.xctest; sourceTree = BUILT_PRODUCTS_DIR; };
		90AE8A9C1EC2C2910002B207 /* NotSoCleverBotAPITests.swift */ = {isa = PBXFileReference; lastKnownFileType = sourcecode.swift; path = NotSoCleverBotAPITests.swift; sourceTree = "<group>"; };
		90AE8A9E1EC2C2910002B207 /* Info.plist */ = {isa = PBXFileReference; lastKnownFileType = text.plist.xml; path = Info.plist; sourceTree = "<group>"; };
		90CD93CC1EAA84E500535DDB /* ChatTextViewController.swift */ = {isa = PBXFileReference; fileEncoding = 4; lastKnownFileType = sourcecode.swift; path = ChatTextViewController.swift; sourceTree = "<group>"; };
		90CD93CE1EAA867700535DDB /* ExampleCall.swift */ = {isa = PBXFileReference; fileEncoding = 4; lastKnownFileType = sourcecode.swift; path = ExampleCall.swift; sourceTree = "<group>"; };
		90CE29BE1EAA633300B8C6E0 /* NotSoCleverBot.app */ = {isa = PBXFileReference; explicitFileType = wrapper.application; includeInIndex = 0; path = NotSoCleverBot.app; sourceTree = BUILT_PRODUCTS_DIR; };
		90CE29C11EAA633300B8C6E0 /* AppDelegate.swift */ = {isa = PBXFileReference; lastKnownFileType = sourcecode.swift; path = AppDelegate.swift; sourceTree = "<group>"; };
		90CE29C61EAA633300B8C6E0 /* Base */ = {isa = PBXFileReference; lastKnownFileType = file.storyboard; name = Base; path = Base.lproj/Main.storyboard; sourceTree = "<group>"; };
		90CE29C81EAA633300B8C6E0 /* Assets.xcassets */ = {isa = PBXFileReference; lastKnownFileType = folder.assetcatalog; path = Assets.xcassets; sourceTree = "<group>"; };
		90CE29CB1EAA633300B8C6E0 /* Base */ = {isa = PBXFileReference; lastKnownFileType = file.storyboard; name = Base; path = Base.lproj/LaunchScreen.storyboard; sourceTree = "<group>"; };
		90CE29CD1EAA633300B8C6E0 /* Info.plist */ = {isa = PBXFileReference; lastKnownFileType = text.plist.xml; path = Info.plist; sourceTree = "<group>"; };
		90CE29D21EAA633300B8C6E0 /* NotSoCleverBotTests.xctest */ = {isa = PBXFileReference; explicitFileType = wrapper.cfbundle; includeInIndex = 0; path = NotSoCleverBotTests.xctest; sourceTree = BUILT_PRODUCTS_DIR; };
		90CE29D61EAA633300B8C6E0 /* NotSoCleverBotTests.swift */ = {isa = PBXFileReference; lastKnownFileType = sourcecode.swift; path = NotSoCleverBotTests.swift; sourceTree = "<group>"; };
		90CE29D81EAA633300B8C6E0 /* Info.plist */ = {isa = PBXFileReference; lastKnownFileType = text.plist.xml; path = Info.plist; sourceTree = "<group>"; };
		90CE29DD1EAA633300B8C6E0 /* NotSoCleverBotUITests.xctest */ = {isa = PBXFileReference; explicitFileType = wrapper.cfbundle; includeInIndex = 0; path = NotSoCleverBotUITests.xctest; sourceTree = BUILT_PRODUCTS_DIR; };
		90CE29E11EAA633300B8C6E0 /* NotSoCleverBotUITests.swift */ = {isa = PBXFileReference; lastKnownFileType = sourcecode.swift; path = NotSoCleverBotUITests.swift; sourceTree = "<group>"; };
		90CE29E31EAA633300B8C6E0 /* Info.plist */ = {isa = PBXFileReference; lastKnownFileType = text.plist.xml; path = Info.plist; sourceTree = "<group>"; };
		90CE29F11EAA7A9D00B8C6E0 /* APIController.swift */ = {isa = PBXFileReference; fileEncoding = 4; lastKnownFileType = sourcecode.swift; name = APIController.swift; path = ../APIController.swift; sourceTree = "<group>"; };
		AC82122B75447B6701760636 /* Pods_NotSoCleverBot.framework */ = {isa = PBXFileReference; explicitFileType = wrapper.framework; includeInIndex = 0; path = Pods_NotSoCleverBot.framework; sourceTree = BUILT_PRODUCTS_DIR; };
/* End PBXFileReference section */

/* Begin PBXFrameworksBuildPhase section */
		90AE8A971EC2C2910002B207 /* Frameworks */ = {
			isa = PBXFrameworksBuildPhase;
			buildActionMask = 2147483647;
			files = (
			);
			runOnlyForDeploymentPostprocessing = 0;
		};
		90CE29BB1EAA633300B8C6E0 /* Frameworks */ = {
			isa = PBXFrameworksBuildPhase;
			buildActionMask = 2147483647;
			files = (
				DDB93F3D4EEDDFD5A1C63DA8 /* Pods_NotSoCleverBot.framework in Frameworks */,
			);
			runOnlyForDeploymentPostprocessing = 0;
		};
		90CE29CF1EAA633300B8C6E0 /* Frameworks */ = {
			isa = PBXFrameworksBuildPhase;
			buildActionMask = 2147483647;
			files = (
				7329CA042D866AEBAE91F4FF /* Pods_NotSoCleverBotTests.framework in Frameworks */,
			);
			runOnlyForDeploymentPostprocessing = 0;
		};
		90CE29DA1EAA633300B8C6E0 /* Frameworks */ = {
			isa = PBXFrameworksBuildPhase;
			buildActionMask = 2147483647;
			files = (
				F6AE69DD00E54CE341949582 /* Pods_NotSoCleverBotUITests.framework in Frameworks */,
			);
			runOnlyForDeploymentPostprocessing = 0;
		};
/* End PBXFrameworksBuildPhase section */

/* Begin PBXGroup section */
		9002683C1EAC1EC700133807 /* Supporting Files */ = {
			isa = PBXGroup;
			children = (
				90CD93CE1EAA867700535DDB /* ExampleCall.swift */,
				90CE29C11EAA633300B8C6E0 /* AppDelegate.swift */,
				90CE29C81EAA633300B8C6E0 /* Assets.xcassets */,
				90CE29CA1EAA633300B8C6E0 /* LaunchScreen.storyboard */,
				90CE29CD1EAA633300B8C6E0 /* Info.plist */,
			);
			name = "Supporting Files";
			sourceTree = "<group>";
		};
		90AE8A9B1EC2C2910002B207 /* NotSoCleverBotAPITests */ = {
			isa = PBXGroup;
			children = (
				90AE8A9C1EC2C2910002B207 /* NotSoCleverBotAPITests.swift */,
				90AE8A9E1EC2C2910002B207 /* Info.plist */,
			);
			path = NotSoCleverBotAPITests;
			sourceTree = "<group>";
		};
		90CE29B51EAA633300B8C6E0 = {
			isa = PBXGroup;
			children = (
				90CE29C01EAA633300B8C6E0 /* NotSoCleverBot */,
				90CE29D51EAA633300B8C6E0 /* NotSoCleverBotTests */,
				90CE29E01EAA633300B8C6E0 /* NotSoCleverBotUITests */,
				90AE8A9B1EC2C2910002B207 /* NotSoCleverBotAPITests */,
				90CE29BF1EAA633300B8C6E0 /* Products */,
				E72006AC6F6A1772C6D4EFB5 /* Pods */,
				EC934EBAE6830C278B913E81 /* Frameworks */,
			);
			sourceTree = "<group>";
		};
		90CE29BF1EAA633300B8C6E0 /* Products */ = {
			isa = PBXGroup;
			children = (
				90CE29BE1EAA633300B8C6E0 /* NotSoCleverBot.app */,
				90CE29D21EAA633300B8C6E0 /* NotSoCleverBotTests.xctest */,
				90CE29DD1EAA633300B8C6E0 /* NotSoCleverBotUITests.xctest */,
				90AE8A9A1EC2C2910002B207 /* NotSoCleverBotAPITests.xctest */,
			);
			name = Products;
			sourceTree = "<group>";
		};
		90CE29C01EAA633300B8C6E0 /* NotSoCleverBot */ = {
			isa = PBXGroup;
			children = (
				90CE29C51EAA633300B8C6E0 /* Main.storyboard */,
				90CE29F11EAA7A9D00B8C6E0 /* APIController.swift */,
				907775FD1EAD2A4F0019FAF9 /* HomeScreenViewController.swift */,
				90CD93CC1EAA84E500535DDB /* ChatTextViewController.swift */,
				9002683A1EAC1D0600133807 /* Message.swift */,
				9002683C1EAC1EC700133807 /* Supporting Files */,
				9002683F1EAC2B1400133807 /* UserMessageCell.xib */,
				900268411EAC2FAB00133807 /* BotMessageCell.xib */,
				900268431EAC309000133807 /* MessageCell.swift */,
			);
			path = NotSoCleverBot;
			sourceTree = "<group>";
		};
		90CE29D51EAA633300B8C6E0 /* NotSoCleverBotTests */ = {
			isa = PBXGroup;
			children = (
				90CE29D61EAA633300B8C6E0 /* NotSoCleverBotTests.swift */,
				90CE29D81EAA633300B8C6E0 /* Info.plist */,
			);
			path = NotSoCleverBotTests;
			sourceTree = "<group>";
		};
		90CE29E01EAA633300B8C6E0 /* NotSoCleverBotUITests */ = {
			isa = PBXGroup;
			children = (
				90CE29E11EAA633300B8C6E0 /* NotSoCleverBotUITests.swift */,
				90CE29E31EAA633300B8C6E0 /* Info.plist */,
			);
			path = NotSoCleverBotUITests;
			sourceTree = "<group>";
		};
		E72006AC6F6A1772C6D4EFB5 /* Pods */ = {
			isa = PBXGroup;
			children = (
				2ADBCE9C8237524EE16EBAF5 /* Pods-NotSoCleverBot.debug.xcconfig */,
				4CC3A69B7FBA44F459D8D394 /* Pods-NotSoCleverBot.release.xcconfig */,
				2BCFE730D0FFCDE8E8F93B5F /* Pods-NotSoCleverBotTests.debug.xcconfig */,
				6938D793AA3920667BE30F82 /* Pods-NotSoCleverBotTests.release.xcconfig */,
				889B46505104B228E5CBC86E /* Pods-NotSoCleverBotUITests.debug.xcconfig */,
				88C7721E115C44AC999BA508 /* Pods-NotSoCleverBotUITests.release.xcconfig */,
			);
			name = Pods;
			sourceTree = "<group>";
		};
		EC934EBAE6830C278B913E81 /* Frameworks */ = {
			isa = PBXGroup;
			children = (
				AC82122B75447B6701760636 /* Pods_NotSoCleverBot.framework */,
				232A076B049A9A19EAF6BF18 /* Pods_NotSoCleverBotTests.framework */,
				610E11BAB778A3FCC121A810 /* Pods_NotSoCleverBotUITests.framework */,
			);
			name = Frameworks;
			sourceTree = "<group>";
		};
/* End PBXGroup section */

/* Begin PBXNativeTarget section */
		90AE8A991EC2C2910002B207 /* NotSoCleverBotAPITests */ = {
			isa = PBXNativeTarget;
			buildConfigurationList = 90AE8AA11EC2C2910002B207 /* Build configuration list for PBXNativeTarget "NotSoCleverBotAPITests" */;
			buildPhases = (
				90AE8A961EC2C2910002B207 /* Sources */,
				90AE8A971EC2C2910002B207 /* Frameworks */,
				90AE8A981EC2C2910002B207 /* Resources */,
			);
			buildRules = (
			);
			dependencies = (
				90AE8AA01EC2C2910002B207 /* PBXTargetDependency */,
			);
			name = NotSoCleverBotAPITests;
			productName = NotSoCleverBotAPITests;
			productReference = 90AE8A9A1EC2C2910002B207 /* NotSoCleverBotAPITests.xctest */;
			productType = "com.apple.product-type.bundle.unit-test";
		};
		90CE29BD1EAA633300B8C6E0 /* NotSoCleverBot */ = {
			isa = PBXNativeTarget;
			buildConfigurationList = 90CE29E61EAA633300B8C6E0 /* Build configuration list for PBXNativeTarget "NotSoCleverBot" */;
			buildPhases = (
				15A78C29E47C0B7591328173 /* [CP] Check Pods Manifest.lock */,
				90CE29BA1EAA633300B8C6E0 /* Sources */,
				90CE29BB1EAA633300B8C6E0 /* Frameworks */,
				90CE29BC1EAA633300B8C6E0 /* Resources */,
				310573CB20AA87B6393A4923 /* [CP] Embed Pods Frameworks */,
				F77B3B8D7B10BA08DF5BE95E /* [CP] Copy Pods Resources */,
			);
			buildRules = (
			);
			dependencies = (
			);
			name = NotSoCleverBot;
			productName = NotSoCleverBot;
			productReference = 90CE29BE1EAA633300B8C6E0 /* NotSoCleverBot.app */;
			productType = "com.apple.product-type.application";
		};
		90CE29D11EAA633300B8C6E0 /* NotSoCleverBotTests */ = {
			isa = PBXNativeTarget;
			buildConfigurationList = 90CE29E91EAA633300B8C6E0 /* Build configuration list for PBXNativeTarget "NotSoCleverBotTests" */;
			buildPhases = (
				0E8B9CF90CE3B57E6054137D /* [CP] Check Pods Manifest.lock */,
				90CE29CE1EAA633300B8C6E0 /* Sources */,
				90CE29CF1EAA633300B8C6E0 /* Frameworks */,
				90CE29D01EAA633300B8C6E0 /* Resources */,
				11EF1D636141FC15EA17E466 /* [CP] Embed Pods Frameworks */,
				52AD56994C868FD88D10B381 /* [CP] Copy Pods Resources */,
			);
			buildRules = (
			);
			dependencies = (
				90CE29D41EAA633300B8C6E0 /* PBXTargetDependency */,
			);
			name = NotSoCleverBotTests;
			productName = NotSoCleverBotTests;
			productReference = 90CE29D21EAA633300B8C6E0 /* NotSoCleverBotTests.xctest */;
			productType = "com.apple.product-type.bundle.unit-test";
		};
		90CE29DC1EAA633300B8C6E0 /* NotSoCleverBotUITests */ = {
			isa = PBXNativeTarget;
			buildConfigurationList = 90CE29EC1EAA633300B8C6E0 /* Build configuration list for PBXNativeTarget "NotSoCleverBotUITests" */;
			buildPhases = (
				1FC3C013B037040A9EEFD4CB /* [CP] Check Pods Manifest.lock */,
				90CE29D91EAA633300B8C6E0 /* Sources */,
				90CE29DA1EAA633300B8C6E0 /* Frameworks */,
				90CE29DB1EAA633300B8C6E0 /* Resources */,
				934F823114C1C8BE32325C85 /* [CP] Embed Pods Frameworks */,
				58DC10C4224BE248792CF538 /* [CP] Copy Pods Resources */,
			);
			buildRules = (
			);
			dependencies = (
				90CE29DF1EAA633300B8C6E0 /* PBXTargetDependency */,
			);
			name = NotSoCleverBotUITests;
			productName = NotSoCleverBotUITests;
			productReference = 90CE29DD1EAA633300B8C6E0 /* NotSoCleverBotUITests.xctest */;
			productType = "com.apple.product-type.bundle.ui-testing";
		};
/* End PBXNativeTarget section */

/* Begin PBXProject section */
		90CE29B61EAA633300B8C6E0 /* Project object */ = {
			isa = PBXProject;
			attributes = {
				LastSwiftUpdateCheck = 0830;
				LastUpgradeCheck = 0830;
				ORGANIZATIONNAME = "Shane Nelson";
				TargetAttributes = {
					90AE8A991EC2C2910002B207 = {
						CreatedOnToolsVersion = 8.3.2;
						DevelopmentTeam = 5CZ45M6538;
						ProvisioningStyle = Automatic;
						TestTargetID = 90CE29BD1EAA633300B8C6E0;
					};
					90CE29BD1EAA633300B8C6E0 = {
						CreatedOnToolsVersion = 8.3.2;
						ProvisioningStyle = Automatic;
					};
					90CE29D11EAA633300B8C6E0 = {
						CreatedOnToolsVersion = 8.3.2;
						ProvisioningStyle = Automatic;
						TestTargetID = 90CE29BD1EAA633300B8C6E0;
					};
					90CE29DC1EAA633300B8C6E0 = {
						CreatedOnToolsVersion = 8.3.2;
						ProvisioningStyle = Automatic;
						TestTargetID = 90CE29BD1EAA633300B8C6E0;
					};
				};
			};
			buildConfigurationList = 90CE29B91EAA633300B8C6E0 /* Build configuration list for PBXProject "NotSoCleverBot" */;
			compatibilityVersion = "Xcode 3.2";
			developmentRegion = English;
			hasScannedForEncodings = 0;
			knownRegions = (
				en,
				Base,
			);
			mainGroup = 90CE29B51EAA633300B8C6E0;
			productRefGroup = 90CE29BF1EAA633300B8C6E0 /* Products */;
			projectDirPath = "";
			projectRoot = "";
			targets = (
				90CE29BD1EAA633300B8C6E0 /* NotSoCleverBot */,
				90CE29D11EAA633300B8C6E0 /* NotSoCleverBotTests */,
				90CE29DC1EAA633300B8C6E0 /* NotSoCleverBotUITests */,
				90AE8A991EC2C2910002B207 /* NotSoCleverBotAPITests */,
			);
		};
/* End PBXProject section */

/* Begin PBXResourcesBuildPhase section */
		90AE8A981EC2C2910002B207 /* Resources */ = {
			isa = PBXResourcesBuildPhase;
			buildActionMask = 2147483647;
			files = (
			);
			runOnlyForDeploymentPostprocessing = 0;
		};
		90CE29BC1EAA633300B8C6E0 /* Resources */ = {
			isa = PBXResourcesBuildPhase;
			buildActionMask = 2147483647;
			files = (
				90CE29CC1EAA633300B8C6E0 /* LaunchScreen.storyboard in Resources */,
				900268421EAC2FAB00133807 /* BotMessageCell.xib in Resources */,
				900268401EAC2B1400133807 /* UserMessageCell.xib in Resources */,
				90CE29C91EAA633300B8C6E0 /* Assets.xcassets in Resources */,
				90CE29C71EAA633300B8C6E0 /* Main.storyboard in Resources */,
			);
			runOnlyForDeploymentPostprocessing = 0;
		};
		90CE29D01EAA633300B8C6E0 /* Resources */ = {
			isa = PBXResourcesBuildPhase;
			buildActionMask = 2147483647;
			files = (
			);
			runOnlyForDeploymentPostprocessing = 0;
		};
		90CE29DB1EAA633300B8C6E0 /* Resources */ = {
			isa = PBXResourcesBuildPhase;
			buildActionMask = 2147483647;
			files = (
			);
			runOnlyForDeploymentPostprocessing = 0;
		};
/* End PBXResourcesBuildPhase section */

/* Begin PBXShellScriptBuildPhase section */
		0E8B9CF90CE3B57E6054137D /* [CP] Check Pods Manifest.lock */ = {
			isa = PBXShellScriptBuildPhase;
			buildActionMask = 2147483647;
			files = (
			);
			inputPaths = (
			);
			name = "[CP] Check Pods Manifest.lock";
			outputPaths = (
			);
			runOnlyForDeploymentPostprocessing = 0;
			shellPath = /bin/sh;
			shellScript = "diff \"${PODS_PODFILE_DIR_PATH}/Podfile.lock\" \"${PODS_ROOT}/Manifest.lock\" > /dev/null\nif [ $? != 0 ] ; then\n    # print error to STDERR\n    echo \"error: The sandbox is not in sync with the Podfile.lock. Run 'pod install' or update your CocoaPods installation.\" >&2\n    exit 1\nfi\n";
			showEnvVarsInLog = 0;
		};
		11EF1D636141FC15EA17E466 /* [CP] Embed Pods Frameworks */ = {
			isa = PBXShellScriptBuildPhase;
			buildActionMask = 2147483647;
			files = (
			);
			inputPaths = (
			);
			name = "[CP] Embed Pods Frameworks";
			outputPaths = (
			);
			runOnlyForDeploymentPostprocessing = 0;
			shellPath = /bin/sh;
			shellScript = "\"${SRCROOT}/Pods/Target Support Files/Pods-NotSoCleverBotTests/Pods-NotSoCleverBotTests-frameworks.sh\"\n";
			showEnvVarsInLog = 0;
		};
		15A78C29E47C0B7591328173 /* [CP] Check Pods Manifest.lock */ = {
			isa = PBXShellScriptBuildPhase;
			buildActionMask = 2147483647;
			files = (
			);
			inputPaths = (
			);
			name = "[CP] Check Pods Manifest.lock";
			outputPaths = (
			);
			runOnlyForDeploymentPostprocessing = 0;
			shellPath = /bin/sh;
			shellScript = "diff \"${PODS_PODFILE_DIR_PATH}/Podfile.lock\" \"${PODS_ROOT}/Manifest.lock\" > /dev/null\nif [ $? != 0 ] ; then\n    # print error to STDERR\n    echo \"error: The sandbox is not in sync with the Podfile.lock. Run 'pod install' or update your CocoaPods installation.\" >&2\n    exit 1\nfi\n";
			showEnvVarsInLog = 0;
		};
		1FC3C013B037040A9EEFD4CB /* [CP] Check Pods Manifest.lock */ = {
			isa = PBXShellScriptBuildPhase;
			buildActionMask = 2147483647;
			files = (
			);
			inputPaths = (
			);
			name = "[CP] Check Pods Manifest.lock";
			outputPaths = (
			);
			runOnlyForDeploymentPostprocessing = 0;
			shellPath = /bin/sh;
			shellScript = "diff \"${PODS_PODFILE_DIR_PATH}/Podfile.lock\" \"${PODS_ROOT}/Manifest.lock\" > /dev/null\nif [ $? != 0 ] ; then\n    # print error to STDERR\n    echo \"error: The sandbox is not in sync with the Podfile.lock. Run 'pod install' or update your CocoaPods installation.\" >&2\n    exit 1\nfi\n";
			showEnvVarsInLog = 0;
		};
		310573CB20AA87B6393A4923 /* [CP] Embed Pods Frameworks */ = {
			isa = PBXShellScriptBuildPhase;
			buildActionMask = 2147483647;
			files = (
			);
			inputPaths = (
			);
			name = "[CP] Embed Pods Frameworks";
			outputPaths = (
			);
			runOnlyForDeploymentPostprocessing = 0;
			shellPath = /bin/sh;
			shellScript = "\"${SRCROOT}/Pods/Target Support Files/Pods-NotSoCleverBot/Pods-NotSoCleverBot-frameworks.sh\"\n";
			showEnvVarsInLog = 0;
		};
		52AD56994C868FD88D10B381 /* [CP] Copy Pods Resources */ = {
			isa = PBXShellScriptBuildPhase;
			buildActionMask = 2147483647;
			files = (
			);
			inputPaths = (
			);
			name = "[CP] Copy Pods Resources";
			outputPaths = (
			);
			runOnlyForDeploymentPostprocessing = 0;
			shellPath = /bin/sh;
			shellScript = "\"${SRCROOT}/Pods/Target Support Files/Pods-NotSoCleverBotTests/Pods-NotSoCleverBotTests-resources.sh\"\n";
			showEnvVarsInLog = 0;
		};
		58DC10C4224BE248792CF538 /* [CP] Copy Pods Resources */ = {
			isa = PBXShellScriptBuildPhase;
			buildActionMask = 2147483647;
			files = (
			);
			inputPaths = (
			);
			name = "[CP] Copy Pods Resources";
			outputPaths = (
			);
			runOnlyForDeploymentPostprocessing = 0;
			shellPath = /bin/sh;
			shellScript = "\"${SRCROOT}/Pods/Target Support Files/Pods-NotSoCleverBotUITests/Pods-NotSoCleverBotUITests-resources.sh\"\n";
			showEnvVarsInLog = 0;
		};
		934F823114C1C8BE32325C85 /* [CP] Embed Pods Frameworks */ = {
			isa = PBXShellScriptBuildPhase;
			buildActionMask = 2147483647;
			files = (
			);
			inputPaths = (
			);
			name = "[CP] Embed Pods Frameworks";
			outputPaths = (
			);
			runOnlyForDeploymentPostprocessing = 0;
			shellPath = /bin/sh;
			shellScript = "\"${SRCROOT}/Pods/Target Support Files/Pods-NotSoCleverBotUITests/Pods-NotSoCleverBotUITests-frameworks.sh\"\n";
			showEnvVarsInLog = 0;
		};
		F77B3B8D7B10BA08DF5BE95E /* [CP] Copy Pods Resources */ = {
			isa = PBXShellScriptBuildPhase;
			buildActionMask = 2147483647;
			files = (
			);
			inputPaths = (
			);
			name = "[CP] Copy Pods Resources";
			outputPaths = (
			);
			runOnlyForDeploymentPostprocessing = 0;
			shellPath = /bin/sh;
			shellScript = "\"${SRCROOT}/Pods/Target Support Files/Pods-NotSoCleverBot/Pods-NotSoCleverBot-resources.sh\"\n";
			showEnvVarsInLog = 0;
		};
/* End PBXShellScriptBuildPhase section */

/* Begin PBXSourcesBuildPhase section */
		90AE8A961EC2C2910002B207 /* Sources */ = {
			isa = PBXSourcesBuildPhase;
			buildActionMask = 2147483647;
			files = (
				90AE8A9D1EC2C2910002B207 /* NotSoCleverBotAPITests.swift in Sources */,
			);
			runOnlyForDeploymentPostprocessing = 0;
		};
		90CE29BA1EAA633300B8C6E0 /* Sources */ = {
			isa = PBXSourcesBuildPhase;
			buildActionMask = 2147483647;
			files = (
				90CD93CF1EAA867700535DDB /* ExampleCall.swift in Sources */,
				90CE29C21EAA633300B8C6E0 /* AppDelegate.swift in Sources */,
				9002683B1EAC1D0600133807 /* Message.swift in Sources */,
				90CE29F21EAA7A9D00B8C6E0 /* APIController.swift in Sources */,
				90CD93CD1EAA84E500535DDB /* ChatTextViewController.swift in Sources */,
				900268441EAC309000133807 /* MessageCell.swift in Sources */,
				907775FE1EAD2A4F0019FAF9 /* HomeScreenViewController.swift in Sources */,
			);
			runOnlyForDeploymentPostprocessing = 0;
		};
		90CE29CE1EAA633300B8C6E0 /* Sources */ = {
			isa = PBXSourcesBuildPhase;
			buildActionMask = 2147483647;
			files = (
				90CE29D71EAA633300B8C6E0 /* NotSoCleverBotTests.swift in Sources */,
			);
			runOnlyForDeploymentPostprocessing = 0;
		};
		90CE29D91EAA633300B8C6E0 /* Sources */ = {
			isa = PBXSourcesBuildPhase;
			buildActionMask = 2147483647;
			files = (
				90CE29E21EAA633300B8C6E0 /* NotSoCleverBotUITests.swift in Sources */,
			);
			runOnlyForDeploymentPostprocessing = 0;
		};
/* End PBXSourcesBuildPhase section */

/* Begin PBXTargetDependency section */
		90AE8AA01EC2C2910002B207 /* PBXTargetDependency */ = {
			isa = PBXTargetDependency;
			target = 90CE29BD1EAA633300B8C6E0 /* NotSoCleverBot */;
			targetProxy = 90AE8A9F1EC2C2910002B207 /* PBXContainerItemProxy */;
		};
		90CE29D41EAA633300B8C6E0 /* PBXTargetDependency */ = {
			isa = PBXTargetDependency;
			target = 90CE29BD1EAA633300B8C6E0 /* NotSoCleverBot */;
			targetProxy = 90CE29D31EAA633300B8C6E0 /* PBXContainerItemProxy */;
		};
		90CE29DF1EAA633300B8C6E0 /* PBXTargetDependency */ = {
			isa = PBXTargetDependency;
			target = 90CE29BD1EAA633300B8C6E0 /* NotSoCleverBot */;
			targetProxy = 90CE29DE1EAA633300B8C6E0 /* PBXContainerItemProxy */;
		};
/* End PBXTargetDependency section */

/* Begin PBXVariantGroup section */
		90CE29C51EAA633300B8C6E0 /* Main.storyboard */ = {
			isa = PBXVariantGroup;
			children = (
				90CE29C61EAA633300B8C6E0 /* Base */,
			);
			name = Main.storyboard;
			sourceTree = "<group>";
		};
		90CE29CA1EAA633300B8C6E0 /* LaunchScreen.storyboard */ = {
			isa = PBXVariantGroup;
			children = (
				90CE29CB1EAA633300B8C6E0 /* Base */,
			);
			name = LaunchScreen.storyboard;
			sourceTree = "<group>";
		};
/* End PBXVariantGroup section */

/* Begin XCBuildConfiguration section */
		90AE8AA21EC2C2910002B207 /* Debug */ = {
			isa = XCBuildConfiguration;
			buildSettings = {
				BUNDLE_LOADER = "$(TEST_HOST)";
				DEVELOPMENT_TEAM = 5CZ45M6538;
				INFOPLIST_FILE = NotSoCleverBotAPITests/Info.plist;
				LD_RUNPATH_SEARCH_PATHS = "$(inherited) @executable_path/Frameworks @loader_path/Frameworks";
				PRODUCT_BUNDLE_IDENTIFIER = "The-Iron-Yard.NotSoCleverBotAPITests";
				PRODUCT_NAME = "$(TARGET_NAME)";
				SWIFT_VERSION = 3.0;
				TEST_HOST = "$(BUILT_PRODUCTS_DIR)/NotSoCleverBot.app/NotSoCleverBot";
			};
			name = Debug;
		};
		90AE8AA31EC2C2910002B207 /* Release */ = {
			isa = XCBuildConfiguration;
			buildSettings = {
				BUNDLE_LOADER = "$(TEST_HOST)";
				DEVELOPMENT_TEAM = 5CZ45M6538;
				INFOPLIST_FILE = NotSoCleverBotAPITests/Info.plist;
				LD_RUNPATH_SEARCH_PATHS = "$(inherited) @executable_path/Frameworks @loader_path/Frameworks";
				PRODUCT_BUNDLE_IDENTIFIER = "The-Iron-Yard.NotSoCleverBotAPITests";
				PRODUCT_NAME = "$(TARGET_NAME)";
				SWIFT_VERSION = 3.0;
				TEST_HOST = "$(BUILT_PRODUCTS_DIR)/NotSoCleverBot.app/NotSoCleverBot";
			};
			name = Release;
		};
		90CE29E41EAA633300B8C6E0 /* Debug */ = {
			isa = XCBuildConfiguration;
			buildSettings = {
				ALWAYS_SEARCH_USER_PATHS = NO;
				CLANG_ANALYZER_NONNULL = YES;
				CLANG_ANALYZER_NUMBER_OBJECT_CONVERSION = YES_AGGRESSIVE;
				CLANG_CXX_LANGUAGE_STANDARD = "gnu++0x";
				CLANG_CXX_LIBRARY = "libc++";
				CLANG_ENABLE_MODULES = YES;
				CLANG_ENABLE_OBJC_ARC = YES;
				CLANG_WARN_BOOL_CONVERSION = YES;
				CLANG_WARN_CONSTANT_CONVERSION = YES;
				CLANG_WARN_DIRECT_OBJC_ISA_USAGE = YES_ERROR;
				CLANG_WARN_DOCUMENTATION_COMMENTS = YES;
				CLANG_WARN_EMPTY_BODY = YES;
				CLANG_WARN_ENUM_CONVERSION = YES;
				CLANG_WARN_INFINITE_RECURSION = YES;
				CLANG_WARN_INT_CONVERSION = YES;
				CLANG_WARN_OBJC_ROOT_CLASS = YES_ERROR;
				CLANG_WARN_SUSPICIOUS_MOVE = YES;
				CLANG_WARN_UNREACHABLE_CODE = YES;
				CLANG_WARN__DUPLICATE_METHOD_MATCH = YES;
				"CODE_SIGN_IDENTITY[sdk=iphoneos*]" = "iPhone Developer";
				COPY_PHASE_STRIP = NO;
				DEBUG_INFORMATION_FORMAT = dwarf;
				ENABLE_STRICT_OBJC_MSGSEND = YES;
				ENABLE_TESTABILITY = YES;
				GCC_C_LANGUAGE_STANDARD = gnu99;
				GCC_DYNAMIC_NO_PIC = NO;
				GCC_NO_COMMON_BLOCKS = YES;
				GCC_OPTIMIZATION_LEVEL = 0;
				GCC_PREPROCESSOR_DEFINITIONS = (
					"DEBUG=1",
					"$(inherited)",
				);
				GCC_WARN_64_TO_32_BIT_CONVERSION = YES;
				GCC_WARN_ABOUT_RETURN_TYPE = YES_ERROR;
				GCC_WARN_UNDECLARED_SELECTOR = YES;
				GCC_WARN_UNINITIALIZED_AUTOS = YES_AGGRESSIVE;
				GCC_WARN_UNUSED_FUNCTION = YES;
				GCC_WARN_UNUSED_VARIABLE = YES;
				IPHONEOS_DEPLOYMENT_TARGET = 10.3;
				MTL_ENABLE_DEBUG_INFO = YES;
				ONLY_ACTIVE_ARCH = YES;
				SDKROOT = iphoneos;
				SWIFT_ACTIVE_COMPILATION_CONDITIONS = DEBUG;
				SWIFT_OPTIMIZATION_LEVEL = "-Onone";
				TARGETED_DEVICE_FAMILY = "1,2";
			};
			name = Debug;
		};
		90CE29E51EAA633300B8C6E0 /* Release */ = {
			isa = XCBuildConfiguration;
			buildSettings = {
				ALWAYS_SEARCH_USER_PATHS = NO;
				CLANG_ANALYZER_NONNULL = YES;
				CLANG_ANALYZER_NUMBER_OBJECT_CONVERSION = YES_AGGRESSIVE;
				CLANG_CXX_LANGUAGE_STANDARD = "gnu++0x";
				CLANG_CXX_LIBRARY = "libc++";
				CLANG_ENABLE_MODULES = YES;
				CLANG_ENABLE_OBJC_ARC = YES;
				CLANG_WARN_BOOL_CONVERSION = YES;
				CLANG_WARN_CONSTANT_CONVERSION = YES;
				CLANG_WARN_DIRECT_OBJC_ISA_USAGE = YES_ERROR;
				CLANG_WARN_DOCUMENTATION_COMMENTS = YES;
				CLANG_WARN_EMPTY_BODY = YES;
				CLANG_WARN_ENUM_CONVERSION = YES;
				CLANG_WARN_INFINITE_RECURSION = YES;
				CLANG_WARN_INT_CONVERSION = YES;
				CLANG_WARN_OBJC_ROOT_CLASS = YES_ERROR;
				CLANG_WARN_SUSPICIOUS_MOVE = YES;
				CLANG_WARN_UNREACHABLE_CODE = YES;
				CLANG_WARN__DUPLICATE_METHOD_MATCH = YES;
				"CODE_SIGN_IDENTITY[sdk=iphoneos*]" = "iPhone Developer";
				COPY_PHASE_STRIP = NO;
				DEBUG_INFORMATION_FORMAT = "dwarf-with-dsym";
				ENABLE_NS_ASSERTIONS = NO;
				ENABLE_STRICT_OBJC_MSGSEND = YES;
				GCC_C_LANGUAGE_STANDARD = gnu99;
				GCC_NO_COMMON_BLOCKS = YES;
				GCC_WARN_64_TO_32_BIT_CONVERSION = YES;
				GCC_WARN_ABOUT_RETURN_TYPE = YES_ERROR;
				GCC_WARN_UNDECLARED_SELECTOR = YES;
				GCC_WARN_UNINITIALIZED_AUTOS = YES_AGGRESSIVE;
				GCC_WARN_UNUSED_FUNCTION = YES;
				GCC_WARN_UNUSED_VARIABLE = YES;
				IPHONEOS_DEPLOYMENT_TARGET = 10.3;
				MTL_ENABLE_DEBUG_INFO = NO;
				SDKROOT = iphoneos;
				SWIFT_OPTIMIZATION_LEVEL = "-Owholemodule";
				TARGETED_DEVICE_FAMILY = "1,2";
				VALIDATE_PRODUCT = YES;
			};
			name = Release;
		};
		90CE29E71EAA633300B8C6E0 /* Debug */ = {
			isa = XCBuildConfiguration;
			baseConfigurationReference = 2ADBCE9C8237524EE16EBAF5 /* Pods-NotSoCleverBot.debug.xcconfig */;
			buildSettings = {
				ASSETCATALOG_COMPILER_APPICON_NAME = AppIcon;
				INFOPLIST_FILE = NotSoCleverBot/Info.plist;
				LD_RUNPATH_SEARCH_PATHS = "$(inherited) @executable_path/Frameworks";
				PRODUCT_BUNDLE_IDENTIFIER = "The-Iron-Yard.NotSoCleverBot";
				PRODUCT_NAME = "$(TARGET_NAME)";
				SWIFT_VERSION = 3.0;
			};
			name = Debug;
		};
		90CE29E81EAA633300B8C6E0 /* Release */ = {
			isa = XCBuildConfiguration;
			baseConfigurationReference = 4CC3A69B7FBA44F459D8D394 /* Pods-NotSoCleverBot.release.xcconfig */;
			buildSettings = {
				ASSETCATALOG_COMPILER_APPICON_NAME = AppIcon;
				INFOPLIST_FILE = NotSoCleverBot/Info.plist;
				LD_RUNPATH_SEARCH_PATHS = "$(inherited) @executable_path/Frameworks";
				PRODUCT_BUNDLE_IDENTIFIER = "The-Iron-Yard.NotSoCleverBot";
				PRODUCT_NAME = "$(TARGET_NAME)";
				SWIFT_VERSION = 3.0;
			};
			name = Release;
		};
		90CE29EA1EAA633300B8C6E0 /* Debug */ = {
			isa = XCBuildConfiguration;
			baseConfigurationReference = 2BCFE730D0FFCDE8E8F93B5F /* Pods-NotSoCleverBotTests.debug.xcconfig */;
			buildSettings = {
				ALWAYS_EMBED_SWIFT_STANDARD_LIBRARIES = YES;
				BUNDLE_LOADER = "$(TEST_HOST)";
				INFOPLIST_FILE = NotSoCleverBotTests/Info.plist;
				LD_RUNPATH_SEARCH_PATHS = "$(inherited) @executable_path/Frameworks @loader_path/Frameworks";
				PRODUCT_BUNDLE_IDENTIFIER = "The-Iron-Yard.NotSoCleverBotTests";
				PRODUCT_NAME = "$(TARGET_NAME)";
				SWIFT_VERSION = 3.0;
				TEST_HOST = "$(BUILT_PRODUCTS_DIR)/NotSoCleverBot.app/NotSoCleverBot";
			};
			name = Debug;
		};
		90CE29EB1EAA633300B8C6E0 /* Release */ = {
			isa = XCBuildConfiguration;
			baseConfigurationReference = 6938D793AA3920667BE30F82 /* Pods-NotSoCleverBotTests.release.xcconfig */;
			buildSettings = {
				ALWAYS_EMBED_SWIFT_STANDARD_LIBRARIES = YES;
				BUNDLE_LOADER = "$(TEST_HOST)";
				INFOPLIST_FILE = NotSoCleverBotTests/Info.plist;
				LD_RUNPATH_SEARCH_PATHS = "$(inherited) @executable_path/Frameworks @loader_path/Frameworks";
				PRODUCT_BUNDLE_IDENTIFIER = "The-Iron-Yard.NotSoCleverBotTests";
				PRODUCT_NAME = "$(TARGET_NAME)";
				SWIFT_VERSION = 3.0;
				TEST_HOST = "$(BUILT_PRODUCTS_DIR)/NotSoCleverBot.app/NotSoCleverBot";
			};
			name = Release;
		};
		90CE29ED1EAA633300B8C6E0 /* Debug */ = {
			isa = XCBuildConfiguration;
			baseConfigurationReference = 889B46505104B228E5CBC86E /* Pods-NotSoCleverBotUITests.debug.xcconfig */;
			buildSettings = {
				ALWAYS_EMBED_SWIFT_STANDARD_LIBRARIES = YES;
				INFOPLIST_FILE = NotSoCleverBotUITests/Info.plist;
				LD_RUNPATH_SEARCH_PATHS = "$(inherited) @executable_path/Frameworks @loader_path/Frameworks";
				PRODUCT_BUNDLE_IDENTIFIER = "The-Iron-Yard.NotSoCleverBotUITests";
				PRODUCT_NAME = "$(TARGET_NAME)";
				SWIFT_VERSION = 3.0;
				TEST_TARGET_NAME = NotSoCleverBot;
			};
			name = Debug;
		};
		90CE29EE1EAA633300B8C6E0 /* Release */ = {
			isa = XCBuildConfiguration;
			baseConfigurationReference = 88C7721E115C44AC999BA508 /* Pods-NotSoCleverBotUITests.release.xcconfig */;
			buildSettings = {
				ALWAYS_EMBED_SWIFT_STANDARD_LIBRARIES = YES;
				INFOPLIST_FILE = NotSoCleverBotUITests/Info.plist;
				LD_RUNPATH_SEARCH_PATHS = "$(inherited) @executable_path/Frameworks @loader_path/Frameworks";
				PRODUCT_BUNDLE_IDENTIFIER = "The-Iron-Yard.NotSoCleverBotUITests";
				PRODUCT_NAME = "$(TARGET_NAME)";
				SWIFT_VERSION = 3.0;
				TEST_TARGET_NAME = NotSoCleverBot;
			};
			name = Release;
		};
/* End XCBuildConfiguration section */

/* Begin XCConfigurationList section */
		90AE8AA11EC2C2910002B207 /* Build configuration list for PBXNativeTarget "NotSoCleverBotAPITests" */ = {
			isa = XCConfigurationList;
			buildConfigurations = (
				90AE8AA21EC2C2910002B207 /* Debug */,
				90AE8AA31EC2C2910002B207 /* Release */,
			);
			defaultConfigurationIsVisible = 0;
		};
		90CE29B91EAA633300B8C6E0 /* Build configuration list for PBXProject "NotSoCleverBot" */ = {
			isa = XCConfigurationList;
			buildConfigurations = (
				90CE29E41EAA633300B8C6E0 /* Debug */,
				90CE29E51EAA633300B8C6E0 /* Release */,
			);
			defaultConfigurationIsVisible = 0;
			defaultConfigurationName = Release;
		};
		90CE29E61EAA633300B8C6E0 /* Build configuration list for PBXNativeTarget "NotSoCleverBot" */ = {
			isa = XCConfigurationList;
			buildConfigurations = (
				90CE29E71EAA633300B8C6E0 /* Debug */,
				90CE29E81EAA633300B8C6E0 /* Release */,
			);
			defaultConfigurationIsVisible = 0;
			defaultConfigurationName = Release;
		};
		90CE29E91EAA633300B8C6E0 /* Build configuration list for PBXNativeTarget "NotSoCleverBotTests" */ = {
			isa = XCConfigurationList;
			buildConfigurations = (
				90CE29EA1EAA633300B8C6E0 /* Debug */,
				90CE29EB1EAA633300B8C6E0 /* Release */,
			);
			defaultConfigurationIsVisible = 0;
			defaultConfigurationName = Release;
		};
		90CE29EC1EAA633300B8C6E0 /* Build configuration list for PBXNativeTarget "NotSoCleverBotUITests" */ = {
			isa = XCConfigurationList;
			buildConfigurations = (
				90CE29ED1EAA633300B8C6E0 /* Debug */,
				90CE29EE1EAA633300B8C6E0 /* Release */,
			);
			defaultConfigurationIsVisible = 0;
			defaultConfigurationName = Release;
		};
/* End XCConfigurationList section */
	};
	rootObject = 90CE29B61EAA633300B8C6E0 /* Project object */;
}
